# This file is automatically @generated by Cargo.
# It is not intended for manual editing.
version = 4

[[package]]
name = "audio"
version = "0.1.0"

[[package]]
name = "ay"
version = "0.1.0"

[[package]]
name = "snapshot"
version = "0.1.0"

[[package]]
name = "spectrum"
version = "0.1.0"

[[package]]
name = "tape"
version = "0.1.0"

[[package]]
name = "unzip"
version = "0.1.0"

[[package]]
name = "z80"
version = "0.1.0"

[[package]]
name = "zx-cli"
version = "0.1.0"
dependencies = [
 "spectrum",
]

[[package]]
name = "zx-wasm"
version = "0.1.0"
dependencies = [
 "spectrum",
]
